
Microsoft Visual Studio Solution File, Format Version 12.00
# Visual Studio 2012
Project("{FAE04EC0-301F-11D3-BF4B-00C04F79EFBC}") = "XamariniOSAVPlayer", "XamariniOSAVPlayer\XamariniOSAVPlayer.csproj", "{1C9DB43E-9951-4C9B-AE3E-618FA0501DB1}"
EndProject
Global
	GlobalSection(SolutionConfigurationPlatforms) = preSolution
		Debug|iPhoneSimulator = Debug|iPhoneSimulator
		Release|iPhone = Release|iPhone
		Release|iPhoneSimulator = Release|iPhoneSimulator
		Debug|iPhone = Debug|iPhone
	EndGlobalSection
	GlobalSection(ProjectConfigurationPlatforms) = postSolution
		{1C9DB43E-9951-4C9B-AE3E-618FA0501DB1}.Debug|iPhoneSimulator.ActiveCfg = Debug|iPhoneSimulator
		{1C9DB43E-9951-4C9B-AE3E-618FA0501DB1}.Debug|iPhoneSimulator.Build.0 = Debug|iPhoneSimulator
		{1C9DB43E-9951-4C9B-AE3E-618FA0501DB1}.Release|iPhone.ActiveCfg = Release|iPhone
		{1C9DB43E-9951-4C9B-AE3E-618FA0501DB1}.Release|iPhone.Build.0 = Release|iPhone
		{1C9DB43E-9951-4C9B-AE3E-618FA0501DB1}.Release|iPhoneSimulator.ActiveCfg = Release|iPhoneSimulator
		{1C9DB43E-9951-4C9B-AE3E-618FA0501DB1}.Release|iPhoneSimulator.Build.0 = Release|iPhoneSimulator
		{1C9DB43E-9951-4C9B-AE3E-618FA0501DB1}.Debug|iPhone.ActiveCfg = Debug|iPhone
		{1C9DB43E-9951-4C9B-AE3E-618FA0501DB1}.Debug|iPhone.Build.0 = Debug|iPhone
	EndGlobalSection
EndGlobal
